// !$*UTF8*$!
{
	archiveVersion = 1;
	classes = {
	};
	objectVersion = 48;
	objects = {

/* Begin PBXBuildFile section */
		9BA3EB811FA3E79B0034181E /* AppDelegate.swift in Sources */ = {isa = PBXBuildFile; fileRef = 9BA3EB801FA3E79B0034181E /* AppDelegate.swift */; };
		9BA3EB831FA3E79B0034181E /* ViewController.swift in Sources */ = {isa = PBXBuildFile; fileRef = 9BA3EB821FA3E79B0034181E /* ViewController.swift */; };
		9BA3EB861FA3E79B0034181E /* Main.storyboard in Resources */ = {isa = PBXBuildFile; fileRef = 9BA3EB841FA3E79B0034181E /* Main.storyboard */; };
		9BA3EB881FA3E79B0034181E /* Assets.xcassets in Resources */ = {isa = PBXBuildFile; fileRef = 9BA3EB871FA3E79B0034181E /* Assets.xcassets */; };
		9BA3EB8B1FA3E79B0034181E /* LaunchScreen.storyboard in Resources */ = {isa = PBXBuildFile; fileRef = 9BA3EB891FA3E79B0034181E /* LaunchScreen.storyboard */; };
		9BA3EB941FA3E7FE0034181E /* MapKit.framework in Frameworks */ = {isa = PBXBuildFile; fileRef = 9BA3EB931FA3E7FE0034181E /* MapKit.framework */; };
/* End PBXBuildFile section */

/* Begin PBXFileReference section */
		9BA3EB7D1FA3E79B0034181E /* MkMapView.app */ = {isa = PBXFileReference; explicitFileType = wrapper.application; includeInIndex = 0; path = MkMapView.app; sourceTree = BUILT_PRODUCTS_DIR; };
		9BA3EB801FA3E79B0034181E /* AppDelegate.swift */ = {isa = PBXFileReference; lastKnownFileType = sourcecode.swift; path = AppDelegate.swift; sourceTree = "<group>"; };
		9BA3EB821FA3E79B0034181E /* ViewController.swift */ = {isa = PBXFileReference; lastKnownFileType = sourcecode.swift; path = ViewController.swift; sourceTree = "<group>"; };
		9BA3EB851FA3E79B0034181E /* Base */ = {isa = PBXFileReference; lastKnownFileType = file.storyboard; name = Base; path = Base.lproj/Main.storyboard; sourceTree = "<group>"; };
		9BA3EB871FA3E79B0034181E /* Assets.xcassets */ = {isa = PBXFileReference; lastKnownFileType = folder.assetcatalog; path = Assets.xcassets; sourceTree = "<group>"; };
		9BA3EB8A1FA3E79B0034181E /* Base */ = {isa = PBXFileReference; lastKnownFileType = file.storyboard; name = Base; path = Base.lproj/LaunchScreen.storyboard; sourceTree = "<group>"; };
		9BA3EB8C1FA3E79B0034181E /* Info.plist */ = {isa = PBXFileReference; lastKnownFileType = text.plist.xml; path = Info.plist; sourceTree = "<group>"; };
		9BA3EB931FA3E7FE0034181E /* MapKit.framework */ = {isa = PBXFileReference; lastKnownFileType = wrapper.framework; name = MapKit.framework; path = System/Library/Frameworks/MapKit.framework; sourceTree = SDKROOT; };
/* End PBXFileReference section */

/* Begin PBXFrameworksBuildPhase section */
		9BA3EB7A1FA3E79B0034181E /* Frameworks */ = {
			isa = PBXFrameworksBuildPhase;
			buildActionMask = 2147483647;
			files = (
				9BA3EB941FA3E7FE0034181E /* MapKit.framework in Frameworks */,
			);
			runOnlyForDeploymentPostprocessing = 0;
		};
/* End PBXFrameworksBuildPhase section */

/* Begin PBXGroup section */
		9BA3EB741FA3E79B0034181E = {
			isa = PBXGroup;
			children = (
				9BA3EB7F1FA3E79B0034181E /* MkMapView */,
				9BA3EB7E1FA3E79B0034181E /* Products */,
				9BA3EB921FA3E7FE0034181E /* Frameworks */,
			);
			sourceTree = "<group>";
		};
		9BA3EB7E1FA3E79B0034181E /* Products */ = {
			isa = PBXGroup;
			children = (
				9BA3EB7D1FA3E79B0034181E /* MkMapView.app */,
			);
			name = Products;
			sourceTree = "<group>";
		};
		9BA3EB7F1FA3E79B0034181E /* MkMapView */ = {
			isa = PBXGroup;
			children = (
				9BA3EB801FA3E79B0034181E /* AppDelegate.swift */,
				9BA3EB821FA3E79B0034181E /* ViewController.swift */,
				9BA3EB841FA3E79B0034181E /* Main.storyboard */,
				9BA3EB871FA3E79B0034181E /* Assets.xcassets */,
				9BA3EB891FA3E79B0034181E /* LaunchScreen.storyboard */,
				9BA3EB8C1FA3E79B0034181E /* Info.plist */,
			);
			path = MkMapView;
			sourceTree = "<group>";
		};
		9BA3EB921FA3E7FE0034181E /* Frameworks */ = {
			isa = PBXGroup;
			children = (
				9BA3EB931FA3E7FE0034181E /* MapKit.framework */,
			);
			name = Frameworks;
			sourceTree = "<group>";
		};
/* End PBXGroup section */

/* Begin PBXNativeTarget section */
		9BA3EB7C1FA3E79B0034181E /* MkMapView */ = {
			isa = PBXNativeTarget;
			buildConfigurationList = 9BA3EB8F1FA3E79B0034181E /* Build configuration list for PBXNativeTarget "MkMapView" */;
			buildPhases = (
				9BA3EB791FA3E79B0034181E /* Sources */,
				9BA3EB7A1FA3E79B0034181E /* Frameworks */,
				9BA3EB7B1FA3E79B0034181E /* Resources */,
			);
			buildRules = (
			);
			dependencies = (
			);
			name = MkMapView;
			productName = MkMapView;
			productReference = 9BA3EB7D1FA3E79B0034181E /* MkMapView.app */;
			productType = "com.apple.product-type.application";
		};
/* End PBXNativeTarget section */

/* Begin PBXProject section */
		9BA3EB751FA3E79B0034181E /* Project object */ = {
			isa = PBXProject;
			attributes = {
				LastSwiftUpdateCheck = 0900;
				LastUpgradeCheck = 0900;
				ORGANIZATIONNAME = "Dhruvi Patel";
				TargetAttributes = {
					9BA3EB7C1FA3E79B0034181E = {
						CreatedOnToolsVersion = 9.0;
						ProvisioningStyle = Manual;
					};
				};
			};
			buildConfigurationList = 9BA3EB781FA3E79B0034181E /* Build configuration list for PBXProject "MkMapView" */;
			compatibilityVersion = "Xcode 8.0";
			developmentRegion = en;
			hasScannedForEncodings = 0;
			knownRegions = (
				en,
				Base,
			);
			mainGroup = 9BA3EB741FA3E79B0034181E;
			productRefGroup = 9BA3EB7E1FA3E79B0034181E /* Products */;
			projectDirPath = "";
			projectRoot = "";
			targets = (
				9BA3EB7C1FA3E79B0034181E /* MkMapView */,
			);
		};
/* End PBXProject section */

/* Begin PBXResourcesBuildPhase section */
		9BA3EB7B1FA3E79B0034181E /* Resources */ = {
			isa = PBXResourcesBuildPhase;
			buildActionMask = 2147483647;
			files = (
				9BA3EB8B1FA3E79B0034181E /* LaunchScreen.storyboard in Resources */,
				9BA3EB881FA3E79B0034181E /* Assets.xcassets in Resources */,
				9BA3EB861FA3E79B0034181E /* Main.storyboard in Resources */,
			);
			runOnlyForDeploymentPostprocessing = 0;
		};
/* End PBXResourcesBuildPhase section */

/* Begin PBXSourcesBuildPhase section */
		9BA3EB791FA3E79B0034181E /* Sources */ = {
			isa = PBXSourcesBuildPhase;
			buildActionMask = 2147483647;
			files = (
				9BA3EB831FA3E79B0034181E /* ViewController.swift in Sources */,
				9BA3EB811FA3E79B0034181E /* AppDelegate.swift in Sources */,
			);
			runOnlyForDeploymentPostprocessing = 0;
		};
/* End PBXSourcesBuildPhase section */

/* Begin PBXVariantGroup section */
		9BA3EB841FA3E79B0034181E /* Main.storyboard */ = {
			isa = PBXVariantGroup;
			children = (
				9BA3EB851FA3E79B0034181E /* Base */,
			);
			name = Main.storyboard;
			sourceTree = "<group>";
		};
		9BA3EB891FA3E79B0034181E /* LaunchScreen.storyboard */ = {
			isa = PBXVariantGroup;
			children = (
				9BA3EB8A1FA3E79B0034181E /* Base */,
			);
			name = LaunchScreen.storyboard;
			sourceTree = "<group>";
		};
/* End PBXVariantGroup section */

/* Begin XCBuildConfiguration section */
		9BA3EB8D1FA3E79B0034181E /* Debug */ = {
			isa = XCBuildConfiguration;
			buildSettings = {
				ALWAYS_SEARCH_USER_PATHS = NO;
				CLANG_ANALYZER_NONNULL = YES;
				CLANG_ANALYZER_NUMBER_OBJECT_CONVERSION = YES_AGGRESSIVE;
				CLANG_CXX_LANGUAGE_STANDARD = "gnu++14";
				CLANG_CXX_LIBRARY = "libc++";
				CLANG_ENABLE_MODULES = YES;
				CLANG_ENABLE_OBJC_ARC = YES;
				CLANG_WARN_BLOCK_CAPTURE_AUTORELEASING = YES;
				CLANG_WARN_BOOL_CONVERSION = YES;
				CLANG_WARN_COMMA = YES;
				CLANG_WARN_CONSTANT_CONVERSION = YES;
				CLANG_WARN_DIRECT_OBJC_ISA_USAGE = YES_ERROR;
				CLANG_WARN_DOCUMENTATION_COMMENTS = YES;
				CLANG_WARN_EMPTY_BODY = YES;
				CLANG_WARN_ENUM_CONVERSION = YES;
				CLANG_WARN_INFINITE_RECURSION = YES;
				CLANG_WARN_INT_CONVERSION = YES;
				CLANG_WARN_NON_LITERAL_NULL_CONVERSION = YES;
				CLANG_WARN_OBJC_LITERAL_CONVERSION = YES;
				CLANG_WARN_OBJC_ROOT_CLASS = YES_ERROR;
				CLANG_WARN_RANGE_LOOP_ANALYSIS = YES;
				CLANG_WARN_STRICT_PROTOTYPES = YES;
				CLANG_WARN_SUSPICIOUS_MOVE = YES;
				CLANG_WARN_UNGUARDED_AVAILABILITY = YES_AGGRESSIVE;
				CLANG_WARN_UNREACHABLE_CODE = YES;
				CLANG_WARN__DUPLICATE_METHOD_MATCH = YES;
				CODE_SIGN_IDENTITY = "iPhone Developer";
				COPY_PHASE_STRIP = NO;
				DEBUG_INFORMATION_FORMAT = dwarf;
				ENABLE_STRICT_OBJC_MSGSEND = YES;
				ENABLE_TESTABILITY = YES;
				GCC_C_LANGUAGE_STANDARD = gnu11;
				GCC_DYNAMIC_NO_PIC = NO;
				GCC_NO_COMMON_BLOCKS = YES;
				GCC_OPTIMIZATION_LEVEL = 0;
				GCC_PREPROCESSOR_DEFINITIONS = (
					"DEBUG=1",
					"$(inherited)",
				);
				GCC_WARN_64_TO_32_BIT_CONVERSION = YES;
				GCC_WARN_ABOUT_RETURN_TYPE = YES_ERROR;
				GCC_WARN_UNDECLARED_SELECTOR = YES;
				GCC_WARN_UNINITIALIZED_AUTOS = YES_AGGRESSIVE;
				GCC_WARN_UNUSED_FUNCTION = YES;
				GCC_WARN_UNUSED_VARIABLE = YES;
				IPHONEOS_DEPLOYMENT_TARGET = 11.0;
				MTL_ENABLE_DEBUG_INFO = YES;
				ONLY_ACTIVE_ARCH = YES;
				SDKROOT = iphoneos;
				SWIFT_ACTIVE_COMPILATION_CONDITIONS = DEBUG;
				SWIFT_OPTIMIZATION_LEVEL = "-Onone";
			};
			name = Debug;
		};
		9BA3EB8E1FA3E79B0034181E /* Release */ = {
			isa = XCBuildConfiguration;
			buildSettings = {
				ALWAYS_SEARCH_USER_PATHS = NO;
				CLANG_ANALYZER_NONNULL = YES;
				CLANG_ANALYZER_NUMBER_OBJECT_CONVERSION = YES_AGGRESSIVE;
				CLANG_CXX_LANGUAGE_STANDARD = "gnu++14";
				CLANG_CXX_LIBRARY = "libc++";
				CLANG_ENABLE_MODULES = YES;
				CLANG_ENABLE_OBJC_ARC = YES;
				CLANG_WARN_BLOCK_CAPTURE_AUTORELEASING = YES;
				CLANG_WARN_BOOL_CONVERSION = YES;
				CLANG_WARN_COMMA = YES;
				CLANG_WARN_CONSTANT_CONVERSION = YES;
				CLANG_WARN_DIRECT_OBJC_ISA_USAGE = YES_ERROR;
				CLANG_WARN_DOCUMENTATION_COMMENTS = YES;
				CLANG_WARN_EMPTY_BODY = YES;
				CLANG_WARN_ENUM_CONVERSION = YES;
				CLANG_WARN_INFINITE_RECURSION = YES;
				CLANG_WARN_INT_CONVERSION = YES;
				CLANG_WARN_NON_LITERAL_NULL_CONVERSION = YES;
				CLANG_WARN_OBJC_LITERAL_CONVERSION = YES;
				CLANG_WARN_OBJC_ROOT_CLASS = YES_ERROR;
				CLANG_WARN_RANGE_LOOP_ANALYSIS = YES;
				CLANG_WARN_STRICT_PROTOTYPES = YES;
				CLANG_WARN_SUSPICIOUS_MOVE = YES;
				CLANG_WARN_UNGUARDED_AVAILABILITY = YES_AGGRESSIVE;
				CLANG_WARN_UNREACHABLE_CODE = YES;
				CLANG_WARN__DUPLICATE_METHOD_MATCH = YES;
				CODE_SIGN_IDENTITY = "iPhone Developer";
				COPY_PHASE_STRIP = NO;
				DEBUG_INFORMATION_FORMAT = "dwarf-with-dsym";
				ENABLE_NS_ASSERTIONS = NO;
				ENABLE_STRICT_OBJC_MSGSEND = YES;
				GCC_C_LANGUAGE_STANDARD = gnu11;
				GCC_NO_COMMON_BLOCKS = YES;
				GCC_WARN_64_TO_32_BIT_CONVERSION = YES;
				GCC_WARN_ABOUT_RETURN_TYPE = YES_ERROR;
				GCC_WARN_UNDECLARED_SELECTOR = YES;
				GCC_WARN_UNINITIALIZED_AUTOS = YES_AGGRESSIVE;
				GCC_WARN_UNUSED_FUNCTION = YES;
				GCC_WARN_UNUSED_VARIABLE = YES;
				IPHONEOS_DEPLOYMENT_TARGET = 11.0;
				MTL_ENABLE_DEBUG_INFO = NO;
				SDKROOT = iphoneos;
				SWIFT_OPTIMIZATION_LEVEL = "-Owholemodule";
				VALIDATE_PRODUCT = YES;
			};
			name = Release;
		};
		9BA3EB901FA3E79B0034181E /* Debug */ = {
			isa = XCBuildConfiguration;
			buildSettings = {
				ASSETCATALOG_COMPILER_APPICON_NAME = AppIcon;
				CODE_SIGN_STYLE = Manual;
				DEVELOPMENT_TEAM = "";
				INFOPLIST_FILE = MkMapView/Info.plist;
				LD_RUNPATH_SEARCH_PATHS = "$(inherited) @executable_path/Frameworks";
				PRODUCT_BUNDLE_IDENTIFIER = Dhruvi.MkMapView;
				PRODUCT_NAME = "$(TARGET_NAME)";
				PROVISIONING_PROFILE_SPECIFIER = "";
				SWIFT_VERSION = 4.0;
				TARGETED_DEVICE_FAMILY = "1,2";
			};
			name = Debug;
		};
		9BA3EB911FA3E79B0034181E /* Release */ = {
			isa = XCBuildConfiguration;
			buildSettings = {
				ASSETCATALOG_COMPILER_APPICON_NAME = AppIcon;
				CODE_SIGN_STYLE = Manual;
				DEVELOPMENT_TEAM = "";
				INFOPLIST_FILE = MkMapView/Info.plist;
				LD_RUNPATH_SEARCH_PATHS = "$(inherited) @executable_path/Frameworks";
				PRODUCT_BUNDLE_IDENTIFIER = Dhruvi.MkMapView;
				PRODUCT_NAME = "$(TARGET_NAME)";
				PROVISIONING_PROFILE_SPECIFIER = "";
				SWIFT_VERSION = 4.0;
				TARGETED_DEVICE_FAMILY = "1,2";
			};
			name = Release;
		};
/* End XCBuildConfiguration section */

/* Begin XCConfigurationList section */
		9BA3EB781FA3E79B0034181E /* Build configuration list for PBXProject "MkMapView" */ = {
			isa = XCConfigurationList;
			buildConfigurations = (
				9BA3EB8D1FA3E79B0034181E /* Debug */,
				9BA3EB8E1FA3E79B0034181E /* Release */,
			);
			defaultConfigurationIsVisible = 0;
			defaultConfigurationName = Release;
		};
		9BA3EB8F1FA3E79B0034181E /* Build configuration list for PBXNativeTarget "MkMapView" */ = {
			isa = XCConfigurationList;
			buildConfigurations = (
				9BA3EB901FA3E79B0034181E /* Debug */,
				9BA3EB911FA3E79B0034181E /* Release */,
			);
			defaultConfigurationIsVisible = 0;
			defaultConfigurationName = Release;
		};
/* End XCConfigurationList section */
	};
	rootObject = 9BA3EB751FA3E79B0034181E /* Project object */;
}
